
Microsoft Visual Studio Solution File, Format Version 12.00
# Visual Studio Version 16
VisualStudioVersion = 16.0.29102.190
MinimumVisualStudioVersion = 10.0.40219.1
Project("{FAE04EC0-301F-11D3-BF4B-00C04F79EFBC}") = "Section4_UnitTest", "Section4_UnitTest\Section4_UnitTest.csproj", "{51E3AA99-8807-4AB2-A61E-857070C472DC}"
EndProject
Project("{9A19103F-16F7-4668-BE54-9A1E7A4F7556}") = "ConsoleAppFormattingText", "ConsoleAppFormattingText\ConsoleAppFormattingText.csproj", "{A8E08717-B11F-41D9-B6DC-E4C0DE72C222}"
EndProject
Project("{FAE04EC0-301F-11D3-BF4B-00C04F79EFBC}") = "Section_5_Maths_Equality_and Rational_Operators", "Section_5_Maths_Equality_and Rational_Operators\Section_5_Maths_Equality_and Rational_Operators.csproj", "{0C254E73-2E2B-4CA2-B826-942F5C0F78D0}"
EndProject
Project("{9A19103F-16F7-4668-BE54-9A1E7A4F7556}") = "Section_5_Exam", "Section_5_Exam\Section_5_Exam.csproj", "{6BF813F2-6916-459C-8F85-FEE6956C1F40}"
EndProject
Project("{FAE04EC0-301F-11D3-BF4B-00C04F79EFBC}") = "Section_6_Classes_And_Methods", "Section_6_Classes_And_Methods\Section_6_Classes_And_Methods.csproj", "{CCAA9D75-30BF-4347-9566-B77E8228E068}"
EndProject
Project("{FAE04EC0-301F-11D3-BF4B-00C04F79EFBC}") = "Section_7_Midterm_Exam_Retail_Store", "Section_7_Midterm_Exam\Section_7_Midterm_Exam_Retail_Store.csproj", "{C939683C-CB66-4E26-AA58-5FECBFB9663B}"
EndProject
Project("{FAE04EC0-301F-11D3-BF4B-00C04F79EFBC}") = "Section_8_Repetition", "Section_8_Repitition\Section_8_Repetition.csproj", "{EC810428-9E00-4DD1-9DE7-CA2ED9F13C23}"
EndProject
Project("{9A19103F-16F7-4668-BE54-9A1E7A4F7556}") = "LoopExample", "LoopExample\LoopExample.csproj", "{AD734790-FED5-459E-B802-3CB13A8C6BD7}"
EndProject
Project("{FAE04EC0-301F-11D3-BF4B-00C04F79EFBC}") = "Section_9_Methods", "Section_9_Methods\Section_9_Methods.csproj", "{10491E67-FBF4-49EE-8AF1-56653DA82639}"
EndProject
Project("{FAE04EC0-301F-11D3-BF4B-00C04F79EFBC}") = "Section_10_ArraysAndLists", "Section_10_ArraysAndLists\Section_10_ArraysAndLists.csproj", "{C11DF9B2-D773-4483-94E8-7635EBBF0B4C}"
EndProject
Project("{9A19103F-16F7-4668-BE54-9A1E7A4F7556}") = "Section_10_Quiz", "Section_10_Quiz\Section_10_Quiz.csproj", "{16DC4F83-EC61-4FDE-A2A4-F51693E94D87}"
EndProject
Project("{FAE04EC0-301F-11D3-BF4B-00C04F79EFBC}") = "Section_11_Advanced_OO_Topics", "Section_11_Advanced_OO_Topics\Section_11_Advanced_OO_Topics.csproj", "{3BBC80BA-622A-46D2-800C-9DB29AE91711}"
EndProject
Project("{FAE04EC0-301F-11D3-BF4B-00C04F79EFBC}") = "Section_11_End_Of_Section_Exam", "Section_11_End_Of_Section_Exam\Section_11_End_Of_Section_Exam.csproj", "{EBBCE91E-C375-40E0-A15D-021371EA1055}"
EndProject
Project("{FAE04EC0-301F-11D3-BF4B-00C04F79EFBC}") = "Section_12_Interfaces", "Section_12_Interfaces\Section_12_Interfaces.csproj", "{71B0A7C8-BBE4-455E-960F-F5C548BC9536}"
EndProject
Project("{FAE04EC0-301F-11D3-BF4B-00C04F79EFBC}") = "Section_12_End_Of_Section_Exam", "Section_12_End_Of_Section_Exam\Section_12_End_Of_Section_Exam.csproj", "{9A8B9C00-4F90-4DD2-B486-6A508B30641A}"
EndProject
Project("{FAE04EC0-301F-11D3-BF4B-00C04F79EFBC}") = "Section_13_Exception_Handeling", "Section_13_Exception_Handeling\Section_13_Exception_Handeling.csproj", "{E2A642EA-BEE4-4E38-A963-CABB511A7E41}"
EndProject
Project("{FAE04EC0-301F-11D3-BF4B-00C04F79EFBC}") = "Section_13_End_Of_Section_Exam", "Section_13_End_Of_Section_Exam\Section_13_End_Of_Section_Exam.csproj", "{8A59D987-D43F-4A5F-A6BE-5F240D2B48C5}"
EndProject
Project("{FAE04EC0-301F-11D3-BF4B-00C04F79EFBC}") = "Section_14_Advanced_CSharp_Topics", "Section_14_Advanced_CSharp_Topics\Section_14_Advanced_CSharp_Topics.csproj", "{C6709692-CA02-4A47-8639-1DE63148DDC0}"
EndProject
Project("{FAE04EC0-301F-11D3-BF4B-00C04F79EFBC}") = "Section_15_Csharp Conclusion", "Section_15_Csharp Conclusion\Section_15_Csharp Conclusion.csproj", "{07F354F1-2E58-4514-8E94-A7257EC98DF3}"
EndProject
Project("{FAE04EC0-301F-11D3-BF4B-00C04F79EFBC}") = "Section_15_Inheritance_Exam", "Section_15_Inheritance_Exam\Section_15_Inheritance_Exam.csproj", "{FE8B61C6-BDD9-4D72-A45D-CB5BF9A85EB7}"
EndProject
Project("{FAE04EC0-301F-11D3-BF4B-00C04F79EFBC}") = "Selenium_WebDriver", "Selenium_WebDriver\Selenium_WebDriver.csproj", "{7090BE63-C302-40C6-9292-76720506A2D7}"
EndProject
Project("{FAE04EC0-301F-11D3-BF4B-00C04F79EFBC}") = "ElementInteractions", "ElementInteractions\ElementInteractions.csproj", "{F6098679-27D7-4735-A8E3-F5943F36696F}"
EndProject
Global
	GlobalSection(SolutionConfigurationPlatforms) = preSolution
		Debug|Any CPU = Debug|Any CPU
		Release|Any CPU = Release|Any CPU
	EndGlobalSection
	GlobalSection(ProjectConfigurationPlatforms) = postSolution
		{51E3AA99-8807-4AB2-A61E-857070C472DC}.Debug|Any CPU.ActiveCfg = Debug|Any CPU
		{51E3AA99-8807-4AB2-A61E-857070C472DC}.Debug|Any CPU.Build.0 = Debug|Any CPU
		{51E3AA99-8807-4AB2-A61E-857070C472DC}.Release|Any CPU.ActiveCfg = Release|Any CPU
		{51E3AA99-8807-4AB2-A61E-857070C472DC}.Release|Any CPU.Build.0 = Release|Any CPU
		{A8E08717-B11F-41D9-B6DC-E4C0DE72C222}.Debug|Any CPU.ActiveCfg = Debug|Any CPU
		{A8E08717-B11F-41D9-B6DC-E4C0DE72C222}.Debug|Any CPU.Build.0 = Debug|Any CPU
		{A8E08717-B11F-41D9-B6DC-E4C0DE72C222}.Release|Any CPU.ActiveCfg = Release|Any CPU
		{A8E08717-B11F-41D9-B6DC-E4C0DE72C222}.Release|Any CPU.Build.0 = Release|Any CPU
		{0C254E73-2E2B-4CA2-B826-942F5C0F78D0}.Debug|Any CPU.ActiveCfg = Debug|Any CPU
		{0C254E73-2E2B-4CA2-B826-942F5C0F78D0}.Debug|Any CPU.Build.0 = Debug|Any CPU
		{0C254E73-2E2B-4CA2-B826-942F5C0F78D0}.Release|Any CPU.ActiveCfg = Release|Any CPU
		{0C254E73-2E2B-4CA2-B826-942F5C0F78D0}.Release|Any CPU.Build.0 = Release|Any CPU
		{6BF813F2-6916-459C-8F85-FEE6956C1F40}.Debug|Any CPU.ActiveCfg = Debug|Any CPU
		{6BF813F2-6916-459C-8F85-FEE6956C1F40}.Debug|Any CPU.Build.0 = Debug|Any CPU
		{6BF813F2-6916-459C-8F85-FEE6956C1F40}.Release|Any CPU.ActiveCfg = Release|Any CPU
		{6BF813F2-6916-459C-8F85-FEE6956C1F40}.Release|Any CPU.Build.0 = Release|Any CPU
		{CCAA9D75-30BF-4347-9566-B77E8228E068}.Debug|Any CPU.ActiveCfg = Debug|Any CPU
		{CCAA9D75-30BF-4347-9566-B77E8228E068}.Debug|Any CPU.Build.0 = Debug|Any CPU
		{CCAA9D75-30BF-4347-9566-B77E8228E068}.Release|Any CPU.ActiveCfg = Release|Any CPU
		{CCAA9D75-30BF-4347-9566-B77E8228E068}.Release|Any CPU.Build.0 = Release|Any CPU
		{C939683C-CB66-4E26-AA58-5FECBFB9663B}.Debug|Any CPU.ActiveCfg = Debug|Any CPU
		{C939683C-CB66-4E26-AA58-5FECBFB9663B}.Debug|Any CPU.Build.0 = Debug|Any CPU
		{C939683C-CB66-4E26-AA58-5FECBFB9663B}.Release|Any CPU.ActiveCfg = Release|Any CPU
		{C939683C-CB66-4E26-AA58-5FECBFB9663B}.Release|Any CPU.Build.0 = Release|Any CPU
		{EC810428-9E00-4DD1-9DE7-CA2ED9F13C23}.Debug|Any CPU.ActiveCfg = Debug|Any CPU
		{EC810428-9E00-4DD1-9DE7-CA2ED9F13C23}.Debug|Any CPU.Build.0 = Debug|Any CPU
		{EC810428-9E00-4DD1-9DE7-CA2ED9F13C23}.Release|Any CPU.ActiveCfg = Release|Any CPU
		{EC810428-9E00-4DD1-9DE7-CA2ED9F13C23}.Release|Any CPU.Build.0 = Release|Any CPU
		{AD734790-FED5-459E-B802-3CB13A8C6BD7}.Debug|Any CPU.ActiveCfg = Debug|Any CPU
		{AD734790-FED5-459E-B802-3CB13A8C6BD7}.Debug|Any CPU.Build.0 = Debug|Any CPU
		{AD734790-FED5-459E-B802-3CB13A8C6BD7}.Release|Any CPU.ActiveCfg = Release|Any CPU
		{AD734790-FED5-459E-B802-3CB13A8C6BD7}.Release|Any CPU.Build.0 = Release|Any CPU
		{10491E67-FBF4-49EE-8AF1-56653DA82639}.Debug|Any CPU.ActiveCfg = Debug|Any CPU
		{10491E67-FBF4-49EE-8AF1-56653DA82639}.Debug|Any CPU.Build.0 = Debug|Any CPU
		{10491E67-FBF4-49EE-8AF1-56653DA82639}.Release|Any CPU.ActiveCfg = Release|Any CPU
		{10491E67-FBF4-49EE-8AF1-56653DA82639}.Release|Any CPU.Build.0 = Release|Any CPU
		{C11DF9B2-D773-4483-94E8-7635EBBF0B4C}.Debug|Any CPU.ActiveCfg = Debug|Any CPU
		{C11DF9B2-D773-4483-94E8-7635EBBF0B4C}.Debug|Any CPU.Build.0 = Debug|Any CPU
		{C11DF9B2-D773-4483-94E8-7635EBBF0B4C}.Release|Any CPU.ActiveCfg = Release|Any CPU
		{C11DF9B2-D773-4483-94E8-7635EBBF0B4C}.Release|Any CPU.Build.0 = Release|Any CPU
		{16DC4F83-EC61-4FDE-A2A4-F51693E94D87}.Debug|Any CPU.ActiveCfg = Debug|Any CPU
		{16DC4F83-EC61-4FDE-A2A4-F51693E94D87}.Debug|Any CPU.Build.0 = Debug|Any CPU
		{16DC4F83-EC61-4FDE-A2A4-F51693E94D87}.Release|Any CPU.ActiveCfg = Release|Any CPU
		{16DC4F83-EC61-4FDE-A2A4-F51693E94D87}.Release|Any CPU.Build.0 = Release|Any CPU
		{3BBC80BA-622A-46D2-800C-9DB29AE91711}.Debug|Any CPU.ActiveCfg = Debug|Any CPU
		{3BBC80BA-622A-46D2-800C-9DB29AE91711}.Debug|Any CPU.Build.0 = Debug|Any CPU
		{3BBC80BA-622A-46D2-800C-9DB29AE91711}.Release|Any CPU.ActiveCfg = Release|Any CPU
		{3BBC80BA-622A-46D2-800C-9DB29AE91711}.Release|Any CPU.Build.0 = Release|Any CPU
		{EBBCE91E-C375-40E0-A15D-021371EA1055}.Debug|Any CPU.ActiveCfg = Debug|Any CPU
		{EBBCE91E-C375-40E0-A15D-021371EA1055}.Debug|Any CPU.Build.0 = Debug|Any CPU
		{EBBCE91E-C375-40E0-A15D-021371EA1055}.Release|Any CPU.ActiveCfg = Release|Any CPU
		{EBBCE91E-C375-40E0-A15D-021371EA1055}.Release|Any CPU.Build.0 = Release|Any CPU
		{71B0A7C8-BBE4-455E-960F-F5C548BC9536}.Debug|Any CPU.ActiveCfg = Debug|Any CPU
		{71B0A7C8-BBE4-455E-960F-F5C548BC9536}.Debug|Any CPU.Build.0 = Debug|Any CPU
		{71B0A7C8-BBE4-455E-960F-F5C548BC9536}.Release|Any CPU.ActiveCfg = Release|Any CPU
		{71B0A7C8-BBE4-455E-960F-F5C548BC9536}.Release|Any CPU.Build.0 = Release|Any CPU
		{9A8B9C00-4F90-4DD2-B486-6A508B30641A}.Debug|Any CPU.ActiveCfg = Debug|Any CPU
		{9A8B9C00-4F90-4DD2-B486-6A508B30641A}.Debug|Any CPU.Build.0 = Debug|Any CPU
		{9A8B9C00-4F90-4DD2-B486-6A508B30641A}.Release|Any CPU.ActiveCfg = Release|Any CPU
		{9A8B9C00-4F90-4DD2-B486-6A508B30641A}.Release|Any CPU.Build.0 = Release|Any CPU
		{E2A642EA-BEE4-4E38-A963-CABB511A7E41}.Debug|Any CPU.ActiveCfg = Debug|Any CPU
		{E2A642EA-BEE4-4E38-A963-CABB511A7E41}.Debug|Any CPU.Build.0 = Debug|Any CPU
		{E2A642EA-BEE4-4E38-A963-CABB511A7E41}.Release|Any CPU.ActiveCfg = Release|Any CPU
		{E2A642EA-BEE4-4E38-A963-CABB511A7E41}.Release|Any CPU.Build.0 = Release|Any CPU
		{8A59D987-D43F-4A5F-A6BE-5F240D2B48C5}.Debug|Any CPU.ActiveCfg = Debug|Any CPU
		{8A59D987-D43F-4A5F-A6BE-5F240D2B48C5}.Debug|Any CPU.Build.0 = Debug|Any CPU
		{8A59D987-D43F-4A5F-A6BE-5F240D2B48C5}.Release|Any CPU.ActiveCfg = Release|Any CPU
		{8A59D987-D43F-4A5F-A6BE-5F240D2B48C5}.Release|Any CPU.Build.0 = Release|Any CPU
		{C6709692-CA02-4A47-8639-1DE63148DDC0}.Debug|Any CPU.ActiveCfg = Debug|Any CPU
		{C6709692-CA02-4A47-8639-1DE63148DDC0}.Debug|Any CPU.Build.0 = Debug|Any CPU
		{C6709692-CA02-4A47-8639-1DE63148DDC0}.Release|Any CPU.ActiveCfg = Release|Any CPU
		{C6709692-CA02-4A47-8639-1DE63148DDC0}.Release|Any CPU.Build.0 = Release|Any CPU
		{07F354F1-2E58-4514-8E94-A7257EC98DF3}.Debug|Any CPU.ActiveCfg = Debug|Any CPU
		{07F354F1-2E58-4514-8E94-A7257EC98DF3}.Debug|Any CPU.Build.0 = Debug|Any CPU
		{07F354F1-2E58-4514-8E94-A7257EC98DF3}.Release|Any CPU.ActiveCfg = Release|Any CPU
		{07F354F1-2E58-4514-8E94-A7257EC98DF3}.Release|Any CPU.Build.0 = Release|Any CPU
		{FE8B61C6-BDD9-4D72-A45D-CB5BF9A85EB7}.Debug|Any CPU.ActiveCfg = Debug|Any CPU
		{FE8B61C6-BDD9-4D72-A45D-CB5BF9A85EB7}.Debug|Any CPU.Build.0 = Debug|Any CPU
		{FE8B61C6-BDD9-4D72-A45D-CB5BF9A85EB7}.Release|Any CPU.ActiveCfg = Release|Any CPU
		{FE8B61C6-BDD9-4D72-A45D-CB5BF9A85EB7}.Release|Any CPU.Build.0 = Release|Any CPU
		{7090BE63-C302-40C6-9292-76720506A2D7}.Debug|Any CPU.ActiveCfg = Debug|Any CPU
		{7090BE63-C302-40C6-9292-76720506A2D7}.Debug|Any CPU.Build.0 = Debug|Any CPU
		{7090BE63-C302-40C6-9292-76720506A2D7}.Release|Any CPU.ActiveCfg = Release|Any CPU
		{7090BE63-C302-40C6-9292-76720506A2D7}.Release|Any CPU.Build.0 = Release|Any CPU
		{F6098679-27D7-4735-A8E3-F5943F36696F}.Debug|Any CPU.ActiveCfg = Debug|Any CPU
		{F6098679-27D7-4735-A8E3-F5943F36696F}.Debug|Any CPU.Build.0 = Debug|Any CPU
		{F6098679-27D7-4735-A8E3-F5943F36696F}.Release|Any CPU.ActiveCfg = Release|Any CPU
		{F6098679-27D7-4735-A8E3-F5943F36696F}.Release|Any CPU.Build.0 = Release|Any CPU
	EndGlobalSection
	GlobalSection(SolutionProperties) = preSolution
		HideSolutionNode = FALSE
	EndGlobalSection
	GlobalSection(ExtensibilityGlobals) = postSolution
		SolutionGuid = {1AD3A8E9-84E3-42CD-B967-F7AC13A1B966}
	EndGlobalSection
EndGlobal
