
Microsoft Visual Studio Solution File, Format Version 12.00
# Visual Studio Version 16
VisualStudioVersion = 16.0.29102.190
MinimumVisualStudioVersion = 10.0.40219.1
Project("{FAE04EC0-301F-11D3-BF4B-00C04F79EFBC}") = "Section4_UnitTest", "Section4_UnitTest\Section4_UnitTest.csproj", "{51E3AA99-8807-4AB2-A61E-857070C472DC}"
EndProject
Project("{9A19103F-16F7-4668-BE54-9A1E7A4F7556}") = "ConsoleAppFormattingText", "ConsoleAppFormattingText\ConsoleAppFormattingText.csproj", "{A8E08717-B11F-41D9-B6DC-E4C0DE72C222}"
EndProject
Global
	GlobalSection(SolutionConfigurationPlatforms) = preSolution
		Debug|Any CPU = Debug|Any CPU
		Release|Any CPU = Release|Any CPU
	EndGlobalSection
	GlobalSection(ProjectConfigurationPlatforms) = postSolution
		{51E3AA99-8807-4AB2-A61E-857070C472DC}.Debug|Any CPU.ActiveCfg = Debug|Any CPU
		{51E3AA99-8807-4AB2-A61E-857070C472DC}.Debug|Any CPU.Build.0 = Debug|Any CPU
		{51E3AA99-8807-4AB2-A61E-857070C472DC}.Release|Any CPU.ActiveCfg = Release|Any CPU
		{51E3AA99-8807-4AB2-A61E-857070C472DC}.Release|Any CPU.Build.0 = Release|Any CPU
		{A8E08717-B11F-41D9-B6DC-E4C0DE72C222}.Debug|Any CPU.ActiveCfg = Debug|Any CPU
		{A8E08717-B11F-41D9-B6DC-E4C0DE72C222}.Debug|Any CPU.Build.0 = Debug|Any CPU
		{A8E08717-B11F-41D9-B6DC-E4C0DE72C222}.Release|Any CPU.ActiveCfg = Release|Any CPU
		{A8E08717-B11F-41D9-B6DC-E4C0DE72C222}.Release|Any CPU.Build.0 = Release|Any CPU
	EndGlobalSection
	GlobalSection(SolutionProperties) = preSolution
		HideSolutionNode = FALSE
	EndGlobalSection
	GlobalSection(ExtensibilityGlobals) = postSolution
		SolutionGuid = {1AD3A8E9-84E3-42CD-B967-F7AC13A1B966}
	EndGlobalSection
EndGlobal
